
Microsoft Visual Studio Solution File, Format Version 12.00
# Visual Studio 15
VisualStudioVersion = 15.0.28307.1340
MinimumVisualStudioVersion = 10.0.40219.1
Project("{FAE04EC0-301F-11D3-BF4B-00C04F79EFBC}") = "RDI", "RDI\RDI.csproj", "{CC221EC3-85CB-42FB-81D2-4F5123E21688}"
EndProject
Global
	GlobalSection(SolutionConfigurationPlatforms) = preSolution
		Debug|Any CPU = Debug|Any CPU
		Release|Any CPU = Release|Any CPU
	EndGlobalSection
	GlobalSection(ProjectConfigurationPlatforms) = postSolution
		{CC221EC3-85CB-42FB-81D2-4F5123E21688}.Debug|Any CPU.ActiveCfg = Debug|Any CPU
		{CC221EC3-85CB-42FB-81D2-4F5123E21688}.Debug|Any CPU.Build.0 = Debug|Any CPU
		{CC221EC3-85CB-42FB-81D2-4F5123E21688}.Release|Any CPU.ActiveCfg = Release|Any CPU
		{CC221EC3-85CB-42FB-81D2-4F5123E21688}.Release|Any CPU.Build.0 = Release|Any CPU
	EndGlobalSection
	GlobalSection(SolutionProperties) = preSolution
		HideSolutionNode = FALSE
	EndGlobalSection
	GlobalSection(ExtensibilityGlobals) = postSolution
		SolutionGuid = {ED6E2366-8101-4F44-A1BE-FF1FD7C089CB}
	EndGlobalSection
EndGlobal
